
Microsoft Visual Studio Solution File, Format Version 12.00
# Visual Studio Version 17
VisualStudioVersion = 17.14.36804.6 d17.14
MinimumVisualStudioVersion = 10.0.40219.1
Project("{FAE04EC0-301F-11D3-BF4B-00C04F79EFBC}") = "TiendaVirtualDeVries", "TiendaVirtualDeVries\TiendaVirtualDeVries.csproj", "{104361F0-5D17-425B-A886-C46799278CB5}"
EndProject
Global
	GlobalSection(SolutionConfigurationPlatforms) = preSolution
		Debug|Any CPU = Debug|Any CPU
		Release|Any CPU = Release|Any CPU
	EndGlobalSection
	GlobalSection(ProjectConfigurationPlatforms) = postSolution
		{104361F0-5D17-425B-A886-C46799278CB5}.Debug|Any CPU.ActiveCfg = Debug|Any CPU
		{104361F0-5D17-425B-A886-C46799278CB5}.Debug|Any CPU.Build.0 = Debug|Any CPU
		{104361F0-5D17-425B-A886-C46799278CB5}.Release|Any CPU.ActiveCfg = Release|Any CPU
		{104361F0-5D17-425B-A886-C46799278CB5}.Release|Any CPU.Build.0 = Release|Any CPU
	EndGlobalSection
	GlobalSection(SolutionProperties) = preSolution
		HideSolutionNode = FALSE
	EndGlobalSection
	GlobalSection(ExtensibilityGlobals) = postSolution
		SolutionGuid = {E680A0B1-65BE-4EED-8F88-73A7BCF3A63D}
	EndGlobalSection
EndGlobal
